
Microsoft Visual Studio Solution File, Format Version 12.00
# Visual Studio Version 17
VisualStudioVersion = 17.8.34525.116
MinimumVisualStudioVersion = 10.0.40219.1
Project("{2150E333-8FDC-42A3-9474-1A3956D46DE8}") = "1-API", "1-API", "{DD503350-ABFB-44BA-9BDF-9023700726FE}"
EndProject
Project("{2150E333-8FDC-42A3-9474-1A3956D46DE8}") = "2-Common", "2-Common", "{E49884DF-4086-48F1-90B3-E1576475173A}"
EndProject
Project("{2150E333-8FDC-42A3-9474-1A3956D46DE8}") = "3-Data", "3-Data", "{B44B7262-1989-4CB0-BD02-F6F084F3B3D2}"
EndProject
Project("{2150E333-8FDC-42A3-9474-1A3956D46DE8}") = "4-Business", "4-Business", "{06A93C0E-BB94-4DAF-BB25-D18A2B617A3D}"
EndProject
Project("{2150E333-8FDC-42A3-9474-1A3956D46DE8}") = "5-Tests", "5-Tests", "{95B7DAC5-9C44-4A54-9D0B-5CABC8825B6C}"
EndProject
Project("{9A19103F-16F7-4668-BE54-9A1E7A4F7556}") = "GPA.Api", "GPA.Api\GPA.Api.csproj", "{70552E25-9128-4979-A217-F6EAFEDEF6FC}"
EndProject
Project("{9A19103F-16F7-4668-BE54-9A1E7A4F7556}") = "GPA.Entities", "GPA.Entities\GPA.Entities.csproj", "{004F6FDF-BDC2-4892-AC4C-90D5C9B32DC7}"
EndProject
Project("{9A19103F-16F7-4668-BE54-9A1E7A4F7556}") = "GPA.Dtos", "GPA.Dtos\GPA.Dtos.csproj", "{44F63AE5-69E4-474F-8789-899CB69E7998}"
EndProject
Project("{9A19103F-16F7-4668-BE54-9A1E7A4F7556}") = "GPA.Data", "GPA.Data\GPA.Data.csproj", "{D1AC5FF4-2251-4697-B74A-E7351979357B}"
EndProject
Project("{9A19103F-16F7-4668-BE54-9A1E7A4F7556}") = "GPA.Services", "GPA.Services\GPA.Services.csproj", "{C5BD6953-8CB7-4AF4-8CCA-EBCFEBFE4210}"
EndProject
Project("{9A19103F-16F7-4668-BE54-9A1E7A4F7556}") = "GPA.Tests", "GPA.Tests\GPA.Tests.csproj", "{8640688A-8615-4D97-B756-5EC6BA6A396F}"
EndProject
Project("{2150E333-8FDC-42A3-9474-1A3956D46DE8}") = "Solution Items", "Solution Items", "{39BDFB51-A5FB-4E26-BF01-F134F339D1AB}"
	ProjectSection(SolutionItems) = preProject
		.gitignore = .gitignore
		README.md = README.md
	EndProjectSection
EndProject
Project("{9A19103F-16F7-4668-BE54-9A1E7A4F7556}") = "GPA.Utils", "GPA.Utils\GPA.Utils.csproj", "{AFDD4C48-1F84-4BB5-92F1-5E7FF22C6979}"
EndProject
Global
	GlobalSection(SolutionConfigurationPlatforms) = preSolution
		Debug|Any CPU = Debug|Any CPU
		Release|Any CPU = Release|Any CPU
	EndGlobalSection
	GlobalSection(ProjectConfigurationPlatforms) = postSolution
		{70552E25-9128-4979-A217-F6EAFEDEF6FC}.Debug|Any CPU.ActiveCfg = Debug|Any CPU
		{70552E25-9128-4979-A217-F6EAFEDEF6FC}.Debug|Any CPU.Build.0 = Debug|Any CPU
		{70552E25-9128-4979-A217-F6EAFEDEF6FC}.Release|Any CPU.ActiveCfg = Release|Any CPU
		{70552E25-9128-4979-A217-F6EAFEDEF6FC}.Release|Any CPU.Build.0 = Release|Any CPU
		{004F6FDF-BDC2-4892-AC4C-90D5C9B32DC7}.Debug|Any CPU.ActiveCfg = Debug|Any CPU
		{004F6FDF-BDC2-4892-AC4C-90D5C9B32DC7}.Debug|Any CPU.Build.0 = Debug|Any CPU
		{004F6FDF-BDC2-4892-AC4C-90D5C9B32DC7}.Release|Any CPU.ActiveCfg = Release|Any CPU
		{004F6FDF-BDC2-4892-AC4C-90D5C9B32DC7}.Release|Any CPU.Build.0 = Release|Any CPU
		{44F63AE5-69E4-474F-8789-899CB69E7998}.Debug|Any CPU.ActiveCfg = Debug|Any CPU
		{44F63AE5-69E4-474F-8789-899CB69E7998}.Debug|Any CPU.Build.0 = Debug|Any CPU
		{44F63AE5-69E4-474F-8789-899CB69E7998}.Release|Any CPU.ActiveCfg = Release|Any CPU
		{44F63AE5-69E4-474F-8789-899CB69E7998}.Release|Any CPU.Build.0 = Release|Any CPU
		{D1AC5FF4-2251-4697-B74A-E7351979357B}.Debug|Any CPU.ActiveCfg = Debug|Any CPU
		{D1AC5FF4-2251-4697-B74A-E7351979357B}.Debug|Any CPU.Build.0 = Debug|Any CPU
		{D1AC5FF4-2251-4697-B74A-E7351979357B}.Release|Any CPU.ActiveCfg = Release|Any CPU
		{D1AC5FF4-2251-4697-B74A-E7351979357B}.Release|Any CPU.Build.0 = Release|Any CPU
		{C5BD6953-8CB7-4AF4-8CCA-EBCFEBFE4210}.Debug|Any CPU.ActiveCfg = Debug|Any CPU
		{C5BD6953-8CB7-4AF4-8CCA-EBCFEBFE4210}.Debug|Any CPU.Build.0 = Debug|Any CPU
		{C5BD6953-8CB7-4AF4-8CCA-EBCFEBFE4210}.Release|Any CPU.ActiveCfg = Release|Any CPU
		{C5BD6953-8CB7-4AF4-8CCA-EBCFEBFE4210}.Release|Any CPU.Build.0 = Release|Any CPU
		{8640688A-8615-4D97-B756-5EC6BA6A396F}.Debug|Any CPU.ActiveCfg = Debug|Any CPU
		{8640688A-8615-4D97-B756-5EC6BA6A396F}.Debug|Any CPU.Build.0 = Debug|Any CPU
		{8640688A-8615-4D97-B756-5EC6BA6A396F}.Release|Any CPU.ActiveCfg = Release|Any CPU
		{8640688A-8615-4D97-B756-5EC6BA6A396F}.Release|Any CPU.Build.0 = Release|Any CPU
		{AFDD4C48-1F84-4BB5-92F1-5E7FF22C6979}.Debug|Any CPU.ActiveCfg = Debug|Any CPU
		{AFDD4C48-1F84-4BB5-92F1-5E7FF22C6979}.Debug|Any CPU.Build.0 = Debug|Any CPU
		{AFDD4C48-1F84-4BB5-92F1-5E7FF22C6979}.Release|Any CPU.ActiveCfg = Release|Any CPU
		{AFDD4C48-1F84-4BB5-92F1-5E7FF22C6979}.Release|Any CPU.Build.0 = Release|Any CPU
	EndGlobalSection
	GlobalSection(SolutionProperties) = preSolution
		HideSolutionNode = FALSE
	EndGlobalSection
	GlobalSection(NestedProjects) = preSolution
		{70552E25-9128-4979-A217-F6EAFEDEF6FC} = {DD503350-ABFB-44BA-9BDF-9023700726FE}
		{004F6FDF-BDC2-4892-AC4C-90D5C9B32DC7} = {E49884DF-4086-48F1-90B3-E1576475173A}
		{44F63AE5-69E4-474F-8789-899CB69E7998} = {E49884DF-4086-48F1-90B3-E1576475173A}
		{D1AC5FF4-2251-4697-B74A-E7351979357B} = {B44B7262-1989-4CB0-BD02-F6F084F3B3D2}
		{C5BD6953-8CB7-4AF4-8CCA-EBCFEBFE4210} = {06A93C0E-BB94-4DAF-BB25-D18A2B617A3D}
		{8640688A-8615-4D97-B756-5EC6BA6A396F} = {95B7DAC5-9C44-4A54-9D0B-5CABC8825B6C}
		{AFDD4C48-1F84-4BB5-92F1-5E7FF22C6979} = {E49884DF-4086-48F1-90B3-E1576475173A}
	EndGlobalSection
	GlobalSection(ExtensibilityGlobals) = postSolution
		SolutionGuid = {6BA429F4-D917-47BF-827A-9F03ADE95351}
	EndGlobalSection
EndGlobal
